
Microsoft Visual Studio Solution File, Format Version 12.00
# Visual Studio Version 16
VisualStudioVersion = 16.0.29519.181
MinimumVisualStudioVersion = 10.0.40219.1
Project("{6EC3EE1D-3C4E-46DD-8F32-0CC8E7565705}") = "SMApp.Web", "SMApp.Web\SMApp.Web.fsproj", "{297E962E-25A7-4826-B1AB-672C5AA730FA}"
EndProject
Project("{9A19103F-16F7-4668-BE54-9A1E7A4F7556}") = "SMApp.Base", "SMApp.Base\SMApp.Base.csproj", "{B39700CE-2096-4C7C-BC04-22BF6D14BB4B}"
EndProject
Project("{9A19103F-16F7-4668-BE54-9A1E7A4F7556}") = "SMApp.CUI.EDDI", "SMApp.CUI.EDDI\SMApp.CUI.EDDI.csproj", "{89739120-578B-4030-9677-259CA0016328}"
EndProject
Project("{9A19103F-16F7-4668-BE54-9A1E7A4F7556}") = "SMApp.CLI", "SMApp.CLI\SMApp.CLI.csproj", "{CFF8B6C5-3971-4A14-802A-D550548EFFB5}"
EndProject
Project("{9A19103F-16F7-4668-BE54-9A1E7A4F7556}") = "SMApp.Logger.Serilog", "SMApp.Logger.Serilog\SMApp.Logger.Serilog.csproj", "{63314C9E-498C-4EF4-9B52-BC0CBC3BEF15}"
EndProject
Project("{2150E333-8FDC-42A3-9474-1A3956D46DE8}") = "Build", "Build", "{58D5A197-EB9E-40D4-B130-4209045A6C03}"
	ProjectSection(SolutionItems) = preProject
		..\build\Common.props = ..\build\Common.props
		..\build\oc-port-forward.cmd = ..\build\oc-port-forward.cmd
	EndProjectSection
EndProject
Project("{2150E333-8FDC-42A3-9474-1A3956D46DE8}") = "Scripts", "Scripts", "{6D8F868E-885F-46A0-ABB2-AA847C1EC782}"
	ProjectSection(SolutionItems) = preProject
		..\build.cmd = ..\build.cmd
		..\build.sh = ..\build.sh
		..\smapp = ..\smapp
		..\smapp.cmd = ..\smapp.cmd
	EndProjectSection
EndProject
Project("{2150E333-8FDC-42A3-9474-1A3956D46DE8}") = "External", "External", "{2A047A27-219A-4EDF-91CA-7C3B4749907D}"
EndProject
Project("{6EC3EE1D-3C4E-46DD-8F32-0CC8E7565705}") = "WebSharper.JQueryTerminal.Tests", "..\ext\terminal\WebSharper.JQueryTerminal.Tests\WebSharper.JQueryTerminal.Tests.fsproj", "{32DFA028-4476-406C-A0BA-6FB64C5BE8AB}"
EndProject
Project("{6EC3EE1D-3C4E-46DD-8F32-0CC8E7565705}") = "SMApp.Base.Fs", "SMApp.Base.Fs\SMApp.Base.Fs.fsproj", "{811DBC03-3079-4CF7-99E6-C28C620069A3}"
EndProject
Project("{9A19103F-16F7-4668-BE54-9A1E7A4F7556}") = "SMApp.NLU.Wit", "SMApp.NLU.Wit\SMApp.NLU.Wit.csproj", "{393A1DA3-6803-46C1-816B-482B0EAFA800}"
EndProject
Project("{6EC3EE1D-3C4E-46DD-8F32-0CC8E7565705}") = "FSharp.MongoDB", "..\ext\FSharp.MongoDB\FSharp.MongoDB.fsproj", "{693A2D85-8C99-48B1-9687-3DB0AECB7526}"
EndProject
Project("{2150E333-8FDC-42A3-9474-1A3956D46DE8}") = "Docs", "Docs", "{08D21D7A-6818-417B-900D-BD9F2B95B9B0}"
EndProject
Project("{2150E333-8FDC-42A3-9474-1A3956D46DE8}") = "Deploy", "Deploy", "{471A2D10-FC79-4425-92A4-CF8234D86D1E}"
	ProjectSection(SolutionItems) = preProject
		..\deploy\oc-deploy.cmd = ..\deploy\oc-deploy.cmd
	EndProjectSection
EndProject
Project("{F2A71F9B-5D33-465A-A702-920D77279786}") = "SMApp.Core", "SMApp.Core\SMApp.Core.fsproj", "{4F3EB21D-99E3-4E88-858C-649AC982E417}"
EndProject
Global
	GlobalSection(SolutionConfigurationPlatforms) = preSolution
		Debug|Any CPU = Debug|Any CPU
		Release|Any CPU = Release|Any CPU
	EndGlobalSection
	GlobalSection(ProjectConfigurationPlatforms) = postSolution
		{297E962E-25A7-4826-B1AB-672C5AA730FA}.Debug|Any CPU.ActiveCfg = Debug|Any CPU
		{297E962E-25A7-4826-B1AB-672C5AA730FA}.Debug|Any CPU.Build.0 = Debug|Any CPU
		{297E962E-25A7-4826-B1AB-672C5AA730FA}.Release|Any CPU.ActiveCfg = Release|Any CPU
		{297E962E-25A7-4826-B1AB-672C5AA730FA}.Release|Any CPU.Build.0 = Release|Any CPU
		{B39700CE-2096-4C7C-BC04-22BF6D14BB4B}.Debug|Any CPU.ActiveCfg = Debug|Any CPU
		{B39700CE-2096-4C7C-BC04-22BF6D14BB4B}.Debug|Any CPU.Build.0 = Debug|Any CPU
		{B39700CE-2096-4C7C-BC04-22BF6D14BB4B}.Release|Any CPU.ActiveCfg = Release|Any CPU
		{B39700CE-2096-4C7C-BC04-22BF6D14BB4B}.Release|Any CPU.Build.0 = Release|Any CPU
		{89739120-578B-4030-9677-259CA0016328}.Debug|Any CPU.ActiveCfg = Debug|Any CPU
		{89739120-578B-4030-9677-259CA0016328}.Debug|Any CPU.Build.0 = Debug|Any CPU
		{89739120-578B-4030-9677-259CA0016328}.Release|Any CPU.ActiveCfg = Release|Any CPU
		{89739120-578B-4030-9677-259CA0016328}.Release|Any CPU.Build.0 = Release|Any CPU
		{CFF8B6C5-3971-4A14-802A-D550548EFFB5}.Debug|Any CPU.ActiveCfg = Debug|Any CPU
		{CFF8B6C5-3971-4A14-802A-D550548EFFB5}.Debug|Any CPU.Build.0 = Debug|Any CPU
		{CFF8B6C5-3971-4A14-802A-D550548EFFB5}.Release|Any CPU.ActiveCfg = Release|Any CPU
		{CFF8B6C5-3971-4A14-802A-D550548EFFB5}.Release|Any CPU.Build.0 = Release|Any CPU
		{63314C9E-498C-4EF4-9B52-BC0CBC3BEF15}.Debug|Any CPU.ActiveCfg = Debug|Any CPU
		{63314C9E-498C-4EF4-9B52-BC0CBC3BEF15}.Debug|Any CPU.Build.0 = Debug|Any CPU
		{63314C9E-498C-4EF4-9B52-BC0CBC3BEF15}.Release|Any CPU.ActiveCfg = Release|Any CPU
		{63314C9E-498C-4EF4-9B52-BC0CBC3BEF15}.Release|Any CPU.Build.0 = Release|Any CPU
		{32DFA028-4476-406C-A0BA-6FB64C5BE8AB}.Debug|Any CPU.ActiveCfg = Debug|Any CPU
		{32DFA028-4476-406C-A0BA-6FB64C5BE8AB}.Debug|Any CPU.Build.0 = Debug|Any CPU
		{32DFA028-4476-406C-A0BA-6FB64C5BE8AB}.Release|Any CPU.ActiveCfg = Release|Any CPU
		{32DFA028-4476-406C-A0BA-6FB64C5BE8AB}.Release|Any CPU.Build.0 = Release|Any CPU
		{811DBC03-3079-4CF7-99E6-C28C620069A3}.Debug|Any CPU.ActiveCfg = Debug|Any CPU
		{811DBC03-3079-4CF7-99E6-C28C620069A3}.Debug|Any CPU.Build.0 = Debug|Any CPU
		{811DBC03-3079-4CF7-99E6-C28C620069A3}.Release|Any CPU.ActiveCfg = Release|Any CPU
		{811DBC03-3079-4CF7-99E6-C28C620069A3}.Release|Any CPU.Build.0 = Release|Any CPU
		{393A1DA3-6803-46C1-816B-482B0EAFA800}.Debug|Any CPU.ActiveCfg = Debug|Any CPU
		{393A1DA3-6803-46C1-816B-482B0EAFA800}.Debug|Any CPU.Build.0 = Debug|Any CPU
		{393A1DA3-6803-46C1-816B-482B0EAFA800}.Release|Any CPU.ActiveCfg = Release|Any CPU
		{393A1DA3-6803-46C1-816B-482B0EAFA800}.Release|Any CPU.Build.0 = Release|Any CPU
		{693A2D85-8C99-48B1-9687-3DB0AECB7526}.Debug|Any CPU.ActiveCfg = Debug|Any CPU
		{693A2D85-8C99-48B1-9687-3DB0AECB7526}.Debug|Any CPU.Build.0 = Debug|Any CPU
		{693A2D85-8C99-48B1-9687-3DB0AECB7526}.Release|Any CPU.ActiveCfg = Release|Any CPU
		{693A2D85-8C99-48B1-9687-3DB0AECB7526}.Release|Any CPU.Build.0 = Release|Any CPU
		{4F3EB21D-99E3-4E88-858C-649AC982E417}.Debug|Any CPU.ActiveCfg = Debug|Any CPU
		{4F3EB21D-99E3-4E88-858C-649AC982E417}.Debug|Any CPU.Build.0 = Debug|Any CPU
		{4F3EB21D-99E3-4E88-858C-649AC982E417}.Release|Any CPU.ActiveCfg = Release|Any CPU
		{4F3EB21D-99E3-4E88-858C-649AC982E417}.Release|Any CPU.Build.0 = Release|Any CPU
	EndGlobalSection
	GlobalSection(SolutionProperties) = preSolution
		HideSolutionNode = FALSE
	EndGlobalSection
	GlobalSection(NestedProjects) = preSolution
		{32DFA028-4476-406C-A0BA-6FB64C5BE8AB} = {2A047A27-219A-4EDF-91CA-7C3B4749907D}
		{693A2D85-8C99-48B1-9687-3DB0AECB7526} = {2A047A27-219A-4EDF-91CA-7C3B4749907D}
	EndGlobalSection
	GlobalSection(ExtensibilityGlobals) = postSolution
		SolutionGuid = {93DA2F01-DE80-4D2C-964E-B49597D49580}
	EndGlobalSection
EndGlobal
