
Microsoft Visual Studio Solution File, Format Version 12.00
# Visual Studio Version 16
VisualStudioVersion = 16.0.29519.181
MinimumVisualStudioVersion = 10.0.40219.1
Project("{6EC3EE1D-3C4E-46DD-8F32-0CC8E7565705}") = "SMApp.Web", "SMApp.Web\SMApp.Web.fsproj", "{297E962E-25A7-4826-B1AB-672C5AA730FA}"
EndProject
Project("{9A19103F-16F7-4668-BE54-9A1E7A4F7556}") = "SMApp.Base", "SMApp.Base\SMApp.Base.csproj", "{B39700CE-2096-4C7C-BC04-22BF6D14BB4B}"
EndProject
Project("{9A19103F-16F7-4668-BE54-9A1E7A4F7556}") = "SMApp.Logger.Serilog", "SMApp.Logger.Serilog\SMApp.Logger.Serilog.csproj", "{63314C9E-498C-4EF4-9B52-BC0CBC3BEF15}"
EndProject
Project("{2150E333-8FDC-42A3-9474-1A3956D46DE8}") = "External", "External", "{2A047A27-219A-4EDF-91CA-7C3B4749907D}"
EndProject
Project("{6EC3EE1D-3C4E-46DD-8F32-0CC8E7565705}") = "WebSharper.JQueryTerminal.Tests", "..\ext\terminal\WebSharper.JQueryTerminal.Tests\WebSharper.JQueryTerminal.Tests.fsproj", "{32DFA028-4476-406C-A0BA-6FB64C5BE8AB}"
EndProject
Project("{6EC3EE1D-3C4E-46DD-8F32-0CC8E7565705}") = "SMApp.Base.Fs", "SMApp.Base.Fs\SMApp.Base.Fs.fsproj", "{811DBC03-3079-4CF7-99E6-C28C620069A3}"
EndProject
Project("{6EC3EE1D-3C4E-46DD-8F32-0CC8E7565705}") = "FSharp.MongoDB", "..\ext\FSharp.MongoDB\FSharp.MongoDB.fsproj", "{693A2D85-8C99-48B1-9687-3DB0AECB7526}"
EndProject
Project("{2150E333-8FDC-42A3-9474-1A3956D46DE8}") = "Docs", "Docs", "{08D21D7A-6818-417B-900D-BD9F2B95B9B0}"
	ProjectSection(SolutionItems) = preProject
		..\docs\fsharpx2020\Easyccg.fsx = ..\docs\fsharpx2020\Easyccg.fsx
		..\README.md = ..\README.md
	EndProjectSection
EndProject
Project("{2150E333-8FDC-42A3-9474-1A3956D46DE8}") = "Deploy", "Deploy", "{471A2D10-FC79-4425-92A4-CF8234D86D1E}"
EndProject
Project("{6EC3EE1D-3C4E-46DD-8F32-0CC8E7565705}") = "SMApp.Core", "SMApp.Core\SMApp.Core.fsproj", "{4F3EB21D-99E3-4E88-858C-649AC982E417}"
EndProject
Project("{9A19103F-16F7-4668-BE54-9A1E7A4F7556}") = "Humanizer", "..\ext\Humanizer\src\Humanizer\Humanizer.csproj", "{692E47DC-DC2A-4AA6-8158-50FF12389E7E}"
EndProject
Project("{9A19103F-16F7-4668-BE54-9A1E7A4F7556}") = "Alexa.NET", "..\ext\alexa-skills-dotnet\Alexa.NET\Alexa.NET.csproj", "{1FA49664-A980-4EB4-81B7-73F5A01511E4}"
EndProject
Project("{9A19103F-16F7-4668-BE54-9A1E7A4F7556}") = "Alexa.NET.Conversations", "..\ext\Alexa.NET.Conversations\Alexa.NET.Conversations\Alexa.NET.Conversations.csproj", "{8F5C805A-BC5F-4620-92CB-BE45B51E4297}"
EndProject
Project("{2150E333-8FDC-42A3-9474-1A3956D46DE8}") = "Base", "Base", "{9487FAAB-6BBF-462C-9BBC-8206A1C9A1F3}"
EndProject
Project("{2150E333-8FDC-42A3-9474-1A3956D46DE8}") = "Shell", "Shell", "{B1A4DF9B-4110-44A5-AA05-44736770B000}"
	ProjectSection(SolutionItems) = preProject
		..\deploy\oc-create-app.cmd = ..\deploy\oc-create-app.cmd
		..\deploy\oc-deploy-build.cmd = ..\deploy\oc-deploy-build.cmd
		..\deploy\oc-pgdb-port-forward.cmd = ..\deploy\oc-pgdb-port-forward.cmd
	EndProjectSection
EndProject
Project("{2150E333-8FDC-42A3-9474-1A3956D46DE8}") = "SQL", "SQL", "{3AA128F8-A07B-4F05-A910-77DB119C879D}"
	ProjectSection(SolutionItems) = preProject
		..\deploy\SQL\DDL_CREATE_DB_smapp.sql = ..\deploy\SQL\DDL_CREATE_DB_smapp.sql
		..\deploy\SQL\DDL_CREATE_TABLE_smapp.messages.sql = ..\deploy\SQL\DDL_CREATE_TABLE_smapp.messages.sql
		..\deploy\SQL\DDL_CREATE_TABLE_smapp.physical_symptom_journal.sql = ..\deploy\SQL\DDL_CREATE_TABLE_smapp.physical_symptom_journal.sql
		..\deploy\SQL\DDL_CREATE_TABLE_smapp.study_journal.sql = ..\deploy\SQL\DDL_CREATE_TABLE_smapp.study_journal.sql
		..\deploy\SQL\DDL_CREATE_TABLE_smapp_user.sql = ..\deploy\SQL\DDL_CREATE_TABLE_smapp_user.sql
		..\deploy\SQL\DDL_CREATE_USER_smapp.sql = ..\deploy\SQL\DDL_CREATE_USER_smapp.sql
	EndProjectSection
EndProject
Project("{2150E333-8FDC-42A3-9474-1A3956D46DE8}") = "App", "App", "{81DCA9E6-0628-4463-BEBF-4E9AF9A82FF8}"
EndProject
Project("{9A19103F-16F7-4668-BE54-9A1E7A4F7556}") = "FastText.NetWrapper", "..\ext\FastText.NetWrapper\FastText.NetWrapper\FastText.NetWrapper.csproj", "{0A1C11F0-072F-4CEC-82A3-406ED3E175A7}"
EndProject
Project("{9A19103F-16F7-4668-BE54-9A1E7A4F7556}") = "NativeLibraryManager", "..\ext\NativeLibraryManager\NativeLibraryManager\NativeLibraryManager.csproj", "{AD64D808-A49D-4534-BF62-ED6739DE9CC5}"
EndProject
Project("{9A19103F-16F7-4668-BE54-9A1E7A4F7556}") = "CherubNLP", "..\ext\CherubNLP\CherubNLP\CherubNLP.csproj", "{BBDCE124-ED0A-4784-9C7A-99B6B1708895}"
EndProject
Project("{9A19103F-16F7-4668-BE54-9A1E7A4F7556}") = "SMApp.CLI", "SMApp.CLI\SMApp.CLI.csproj", "{A32CE04B-10B9-4D7D-8FA0-2C5239A2783D}"
EndProject
Project("{2150E333-8FDC-42A3-9474-1A3956D46DE8}") = "NLU", "NLU", "{A7428B13-4DBA-4DB8-A292-64B3EFEE9FB5}"
EndProject
Project("{9A19103F-16F7-4668-BE54-9A1E7A4F7556}") = "SMApp.NLU.ExpertAI", "SMApp.NLU.ExpertAI\SMApp.NLU.ExpertAI.csproj", "{B6F1712E-9725-44E8-9C6D-E2F0F1B27198}"
EndProject
Global
	GlobalSection(SolutionConfigurationPlatforms) = preSolution
		Debug|Any CPU = Debug|Any CPU
		Debug|x64 = Debug|x64
		Release|Any CPU = Release|Any CPU
		Release|x64 = Release|x64
	EndGlobalSection
	GlobalSection(ProjectConfigurationPlatforms) = postSolution
		{297E962E-25A7-4826-B1AB-672C5AA730FA}.Debug|Any CPU.ActiveCfg = Debug|Any CPU
		{297E962E-25A7-4826-B1AB-672C5AA730FA}.Debug|Any CPU.Build.0 = Debug|Any CPU
		{297E962E-25A7-4826-B1AB-672C5AA730FA}.Debug|x64.ActiveCfg = Debug|Any CPU
		{297E962E-25A7-4826-B1AB-672C5AA730FA}.Debug|x64.Build.0 = Debug|Any CPU
		{297E962E-25A7-4826-B1AB-672C5AA730FA}.Release|Any CPU.ActiveCfg = Release|Any CPU
		{297E962E-25A7-4826-B1AB-672C5AA730FA}.Release|Any CPU.Build.0 = Release|Any CPU
		{297E962E-25A7-4826-B1AB-672C5AA730FA}.Release|x64.ActiveCfg = Release|Any CPU
		{297E962E-25A7-4826-B1AB-672C5AA730FA}.Release|x64.Build.0 = Release|Any CPU
		{B39700CE-2096-4C7C-BC04-22BF6D14BB4B}.Debug|Any CPU.ActiveCfg = Debug|Any CPU
		{B39700CE-2096-4C7C-BC04-22BF6D14BB4B}.Debug|Any CPU.Build.0 = Debug|Any CPU
		{B39700CE-2096-4C7C-BC04-22BF6D14BB4B}.Debug|x64.ActiveCfg = Debug|Any CPU
		{B39700CE-2096-4C7C-BC04-22BF6D14BB4B}.Debug|x64.Build.0 = Debug|Any CPU
		{B39700CE-2096-4C7C-BC04-22BF6D14BB4B}.Release|Any CPU.ActiveCfg = Release|Any CPU
		{B39700CE-2096-4C7C-BC04-22BF6D14BB4B}.Release|Any CPU.Build.0 = Release|Any CPU
		{B39700CE-2096-4C7C-BC04-22BF6D14BB4B}.Release|x64.ActiveCfg = Release|Any CPU
		{B39700CE-2096-4C7C-BC04-22BF6D14BB4B}.Release|x64.Build.0 = Release|Any CPU
		{63314C9E-498C-4EF4-9B52-BC0CBC3BEF15}.Debug|Any CPU.ActiveCfg = Debug|Any CPU
		{63314C9E-498C-4EF4-9B52-BC0CBC3BEF15}.Debug|Any CPU.Build.0 = Debug|Any CPU
		{63314C9E-498C-4EF4-9B52-BC0CBC3BEF15}.Debug|x64.ActiveCfg = Debug|Any CPU
		{63314C9E-498C-4EF4-9B52-BC0CBC3BEF15}.Debug|x64.Build.0 = Debug|Any CPU
		{63314C9E-498C-4EF4-9B52-BC0CBC3BEF15}.Release|Any CPU.ActiveCfg = Release|Any CPU
		{63314C9E-498C-4EF4-9B52-BC0CBC3BEF15}.Release|Any CPU.Build.0 = Release|Any CPU
		{63314C9E-498C-4EF4-9B52-BC0CBC3BEF15}.Release|x64.ActiveCfg = Release|Any CPU
		{63314C9E-498C-4EF4-9B52-BC0CBC3BEF15}.Release|x64.Build.0 = Release|Any CPU
		{32DFA028-4476-406C-A0BA-6FB64C5BE8AB}.Debug|Any CPU.ActiveCfg = Debug|Any CPU
		{32DFA028-4476-406C-A0BA-6FB64C5BE8AB}.Debug|Any CPU.Build.0 = Debug|Any CPU
		{32DFA028-4476-406C-A0BA-6FB64C5BE8AB}.Debug|x64.ActiveCfg = Debug|Any CPU
		{32DFA028-4476-406C-A0BA-6FB64C5BE8AB}.Debug|x64.Build.0 = Debug|Any CPU
		{32DFA028-4476-406C-A0BA-6FB64C5BE8AB}.Release|Any CPU.ActiveCfg = Release|Any CPU
		{32DFA028-4476-406C-A0BA-6FB64C5BE8AB}.Release|Any CPU.Build.0 = Release|Any CPU
		{32DFA028-4476-406C-A0BA-6FB64C5BE8AB}.Release|x64.ActiveCfg = Release|Any CPU
		{32DFA028-4476-406C-A0BA-6FB64C5BE8AB}.Release|x64.Build.0 = Release|Any CPU
		{811DBC03-3079-4CF7-99E6-C28C620069A3}.Debug|Any CPU.ActiveCfg = Debug|Any CPU
		{811DBC03-3079-4CF7-99E6-C28C620069A3}.Debug|Any CPU.Build.0 = Debug|Any CPU
		{811DBC03-3079-4CF7-99E6-C28C620069A3}.Debug|x64.ActiveCfg = Debug|Any CPU
		{811DBC03-3079-4CF7-99E6-C28C620069A3}.Debug|x64.Build.0 = Debug|Any CPU
		{811DBC03-3079-4CF7-99E6-C28C620069A3}.Release|Any CPU.ActiveCfg = Release|Any CPU
		{811DBC03-3079-4CF7-99E6-C28C620069A3}.Release|Any CPU.Build.0 = Release|Any CPU
		{811DBC03-3079-4CF7-99E6-C28C620069A3}.Release|x64.ActiveCfg = Release|Any CPU
		{811DBC03-3079-4CF7-99E6-C28C620069A3}.Release|x64.Build.0 = Release|Any CPU
		{693A2D85-8C99-48B1-9687-3DB0AECB7526}.Debug|Any CPU.ActiveCfg = Debug|Any CPU
		{693A2D85-8C99-48B1-9687-3DB0AECB7526}.Debug|Any CPU.Build.0 = Debug|Any CPU
		{693A2D85-8C99-48B1-9687-3DB0AECB7526}.Debug|x64.ActiveCfg = Debug|Any CPU
		{693A2D85-8C99-48B1-9687-3DB0AECB7526}.Debug|x64.Build.0 = Debug|Any CPU
		{693A2D85-8C99-48B1-9687-3DB0AECB7526}.Release|Any CPU.ActiveCfg = Release|Any CPU
		{693A2D85-8C99-48B1-9687-3DB0AECB7526}.Release|Any CPU.Build.0 = Release|Any CPU
		{693A2D85-8C99-48B1-9687-3DB0AECB7526}.Release|x64.ActiveCfg = Release|Any CPU
		{693A2D85-8C99-48B1-9687-3DB0AECB7526}.Release|x64.Build.0 = Release|Any CPU
		{4F3EB21D-99E3-4E88-858C-649AC982E417}.Debug|Any CPU.ActiveCfg = Debug|Any CPU
		{4F3EB21D-99E3-4E88-858C-649AC982E417}.Debug|Any CPU.Build.0 = Debug|Any CPU
		{4F3EB21D-99E3-4E88-858C-649AC982E417}.Debug|x64.ActiveCfg = Debug|Any CPU
		{4F3EB21D-99E3-4E88-858C-649AC982E417}.Debug|x64.Build.0 = Debug|Any CPU
		{4F3EB21D-99E3-4E88-858C-649AC982E417}.Release|Any CPU.ActiveCfg = Release|Any CPU
		{4F3EB21D-99E3-4E88-858C-649AC982E417}.Release|Any CPU.Build.0 = Release|Any CPU
		{4F3EB21D-99E3-4E88-858C-649AC982E417}.Release|x64.ActiveCfg = Release|Any CPU
		{4F3EB21D-99E3-4E88-858C-649AC982E417}.Release|x64.Build.0 = Release|Any CPU
		{692E47DC-DC2A-4AA6-8158-50FF12389E7E}.Debug|Any CPU.ActiveCfg = Debug|Any CPU
		{692E47DC-DC2A-4AA6-8158-50FF12389E7E}.Debug|Any CPU.Build.0 = Debug|Any CPU
		{692E47DC-DC2A-4AA6-8158-50FF12389E7E}.Debug|x64.ActiveCfg = Debug|Any CPU
		{692E47DC-DC2A-4AA6-8158-50FF12389E7E}.Debug|x64.Build.0 = Debug|Any CPU
		{692E47DC-DC2A-4AA6-8158-50FF12389E7E}.Release|Any CPU.ActiveCfg = Release|Any CPU
		{692E47DC-DC2A-4AA6-8158-50FF12389E7E}.Release|Any CPU.Build.0 = Release|Any CPU
		{692E47DC-DC2A-4AA6-8158-50FF12389E7E}.Release|x64.ActiveCfg = Release|Any CPU
		{692E47DC-DC2A-4AA6-8158-50FF12389E7E}.Release|x64.Build.0 = Release|Any CPU
		{1FA49664-A980-4EB4-81B7-73F5A01511E4}.Debug|Any CPU.ActiveCfg = Debug|Any CPU
		{1FA49664-A980-4EB4-81B7-73F5A01511E4}.Debug|Any CPU.Build.0 = Debug|Any CPU
		{1FA49664-A980-4EB4-81B7-73F5A01511E4}.Debug|x64.ActiveCfg = Debug|Any CPU
		{1FA49664-A980-4EB4-81B7-73F5A01511E4}.Debug|x64.Build.0 = Debug|Any CPU
		{1FA49664-A980-4EB4-81B7-73F5A01511E4}.Release|Any CPU.ActiveCfg = Release|Any CPU
		{1FA49664-A980-4EB4-81B7-73F5A01511E4}.Release|Any CPU.Build.0 = Release|Any CPU
		{1FA49664-A980-4EB4-81B7-73F5A01511E4}.Release|x64.ActiveCfg = Release|Any CPU
		{1FA49664-A980-4EB4-81B7-73F5A01511E4}.Release|x64.Build.0 = Release|Any CPU
		{8F5C805A-BC5F-4620-92CB-BE45B51E4297}.Debug|Any CPU.ActiveCfg = Debug|Any CPU
		{8F5C805A-BC5F-4620-92CB-BE45B51E4297}.Debug|Any CPU.Build.0 = Debug|Any CPU
		{8F5C805A-BC5F-4620-92CB-BE45B51E4297}.Debug|x64.ActiveCfg = Debug|Any CPU
		{8F5C805A-BC5F-4620-92CB-BE45B51E4297}.Debug|x64.Build.0 = Debug|Any CPU
		{8F5C805A-BC5F-4620-92CB-BE45B51E4297}.Release|Any CPU.ActiveCfg = Release|Any CPU
		{8F5C805A-BC5F-4620-92CB-BE45B51E4297}.Release|Any CPU.Build.0 = Release|Any CPU
		{8F5C805A-BC5F-4620-92CB-BE45B51E4297}.Release|x64.ActiveCfg = Release|Any CPU
		{8F5C805A-BC5F-4620-92CB-BE45B51E4297}.Release|x64.Build.0 = Release|Any CPU
		{0A1C11F0-072F-4CEC-82A3-406ED3E175A7}.Debug|Any CPU.ActiveCfg = Debug|Any CPU
		{0A1C11F0-072F-4CEC-82A3-406ED3E175A7}.Debug|Any CPU.Build.0 = Debug|Any CPU
		{0A1C11F0-072F-4CEC-82A3-406ED3E175A7}.Debug|x64.ActiveCfg = Debug|Any CPU
		{0A1C11F0-072F-4CEC-82A3-406ED3E175A7}.Debug|x64.Build.0 = Debug|Any CPU
		{0A1C11F0-072F-4CEC-82A3-406ED3E175A7}.Release|Any CPU.ActiveCfg = Release|Any CPU
		{0A1C11F0-072F-4CEC-82A3-406ED3E175A7}.Release|Any CPU.Build.0 = Release|Any CPU
		{0A1C11F0-072F-4CEC-82A3-406ED3E175A7}.Release|x64.ActiveCfg = Release|Any CPU
		{0A1C11F0-072F-4CEC-82A3-406ED3E175A7}.Release|x64.Build.0 = Release|Any CPU
		{AD64D808-A49D-4534-BF62-ED6739DE9CC5}.Debug|Any CPU.ActiveCfg = Debug|Any CPU
		{AD64D808-A49D-4534-BF62-ED6739DE9CC5}.Debug|Any CPU.Build.0 = Debug|Any CPU
		{AD64D808-A49D-4534-BF62-ED6739DE9CC5}.Debug|x64.ActiveCfg = Debug|Any CPU
		{AD64D808-A49D-4534-BF62-ED6739DE9CC5}.Debug|x64.Build.0 = Debug|Any CPU
		{AD64D808-A49D-4534-BF62-ED6739DE9CC5}.Release|Any CPU.ActiveCfg = Release|Any CPU
		{AD64D808-A49D-4534-BF62-ED6739DE9CC5}.Release|Any CPU.Build.0 = Release|Any CPU
		{AD64D808-A49D-4534-BF62-ED6739DE9CC5}.Release|x64.ActiveCfg = Release|Any CPU
		{AD64D808-A49D-4534-BF62-ED6739DE9CC5}.Release|x64.Build.0 = Release|Any CPU
		{BBDCE124-ED0A-4784-9C7A-99B6B1708895}.Debug|Any CPU.ActiveCfg = Debug|Any CPU
		{BBDCE124-ED0A-4784-9C7A-99B6B1708895}.Debug|Any CPU.Build.0 = Debug|Any CPU
		{BBDCE124-ED0A-4784-9C7A-99B6B1708895}.Debug|x64.ActiveCfg = Debug|x64
		{BBDCE124-ED0A-4784-9C7A-99B6B1708895}.Debug|x64.Build.0 = Debug|x64
		{BBDCE124-ED0A-4784-9C7A-99B6B1708895}.Release|Any CPU.ActiveCfg = Release|Any CPU
		{BBDCE124-ED0A-4784-9C7A-99B6B1708895}.Release|Any CPU.Build.0 = Release|Any CPU
		{BBDCE124-ED0A-4784-9C7A-99B6B1708895}.Release|x64.ActiveCfg = Release|x64
		{BBDCE124-ED0A-4784-9C7A-99B6B1708895}.Release|x64.Build.0 = Release|x64
		{A32CE04B-10B9-4D7D-8FA0-2C5239A2783D}.Debug|Any CPU.ActiveCfg = Debug|Any CPU
		{A32CE04B-10B9-4D7D-8FA0-2C5239A2783D}.Debug|Any CPU.Build.0 = Debug|Any CPU
		{A32CE04B-10B9-4D7D-8FA0-2C5239A2783D}.Debug|x64.ActiveCfg = Debug|Any CPU
		{A32CE04B-10B9-4D7D-8FA0-2C5239A2783D}.Debug|x64.Build.0 = Debug|Any CPU
		{A32CE04B-10B9-4D7D-8FA0-2C5239A2783D}.Release|Any CPU.ActiveCfg = Release|Any CPU
		{A32CE04B-10B9-4D7D-8FA0-2C5239A2783D}.Release|Any CPU.Build.0 = Release|Any CPU
		{A32CE04B-10B9-4D7D-8FA0-2C5239A2783D}.Release|x64.ActiveCfg = Release|Any CPU
		{A32CE04B-10B9-4D7D-8FA0-2C5239A2783D}.Release|x64.Build.0 = Release|Any CPU
		{B6F1712E-9725-44E8-9C6D-E2F0F1B27198}.Debug|Any CPU.ActiveCfg = Debug|Any CPU
		{B6F1712E-9725-44E8-9C6D-E2F0F1B27198}.Debug|Any CPU.Build.0 = Debug|Any CPU
		{B6F1712E-9725-44E8-9C6D-E2F0F1B27198}.Debug|x64.ActiveCfg = Debug|Any CPU
		{B6F1712E-9725-44E8-9C6D-E2F0F1B27198}.Debug|x64.Build.0 = Debug|Any CPU
		{B6F1712E-9725-44E8-9C6D-E2F0F1B27198}.Release|Any CPU.ActiveCfg = Release|Any CPU
		{B6F1712E-9725-44E8-9C6D-E2F0F1B27198}.Release|Any CPU.Build.0 = Release|Any CPU
		{B6F1712E-9725-44E8-9C6D-E2F0F1B27198}.Release|x64.ActiveCfg = Release|Any CPU
		{B6F1712E-9725-44E8-9C6D-E2F0F1B27198}.Release|x64.Build.0 = Release|Any CPU
	EndGlobalSection
	GlobalSection(SolutionProperties) = preSolution
		HideSolutionNode = FALSE
	EndGlobalSection
	GlobalSection(NestedProjects) = preSolution
		{297E962E-25A7-4826-B1AB-672C5AA730FA} = {81DCA9E6-0628-4463-BEBF-4E9AF9A82FF8}
		{B39700CE-2096-4C7C-BC04-22BF6D14BB4B} = {9487FAAB-6BBF-462C-9BBC-8206A1C9A1F3}
		{63314C9E-498C-4EF4-9B52-BC0CBC3BEF15} = {9487FAAB-6BBF-462C-9BBC-8206A1C9A1F3}
		{32DFA028-4476-406C-A0BA-6FB64C5BE8AB} = {2A047A27-219A-4EDF-91CA-7C3B4749907D}
		{811DBC03-3079-4CF7-99E6-C28C620069A3} = {9487FAAB-6BBF-462C-9BBC-8206A1C9A1F3}
		{693A2D85-8C99-48B1-9687-3DB0AECB7526} = {2A047A27-219A-4EDF-91CA-7C3B4749907D}
		{4F3EB21D-99E3-4E88-858C-649AC982E417} = {81DCA9E6-0628-4463-BEBF-4E9AF9A82FF8}
		{692E47DC-DC2A-4AA6-8158-50FF12389E7E} = {2A047A27-219A-4EDF-91CA-7C3B4749907D}
		{1FA49664-A980-4EB4-81B7-73F5A01511E4} = {2A047A27-219A-4EDF-91CA-7C3B4749907D}
		{8F5C805A-BC5F-4620-92CB-BE45B51E4297} = {2A047A27-219A-4EDF-91CA-7C3B4749907D}
		{B1A4DF9B-4110-44A5-AA05-44736770B000} = {471A2D10-FC79-4425-92A4-CF8234D86D1E}
		{3AA128F8-A07B-4F05-A910-77DB119C879D} = {471A2D10-FC79-4425-92A4-CF8234D86D1E}
		{0A1C11F0-072F-4CEC-82A3-406ED3E175A7} = {2A047A27-219A-4EDF-91CA-7C3B4749907D}
		{AD64D808-A49D-4534-BF62-ED6739DE9CC5} = {2A047A27-219A-4EDF-91CA-7C3B4749907D}
		{BBDCE124-ED0A-4784-9C7A-99B6B1708895} = {2A047A27-219A-4EDF-91CA-7C3B4749907D}
		{A32CE04B-10B9-4D7D-8FA0-2C5239A2783D} = {81DCA9E6-0628-4463-BEBF-4E9AF9A82FF8}
		{B6F1712E-9725-44E8-9C6D-E2F0F1B27198} = {A7428B13-4DBA-4DB8-A292-64B3EFEE9FB5}
	EndGlobalSection
	GlobalSection(ExtensibilityGlobals) = postSolution
		SolutionGuid = {93DA2F01-DE80-4D2C-964E-B49597D49580}
	EndGlobalSection
EndGlobal
